<Solution>
  <Folder Name="/src/">
    <Project Path="src/MsixCore.PackageStore/MsixCore.PackageStore.csproj" />
    <Project Path="src/MsixCore.Packaging/MsixCore.Packaging.csproj" />
    <Project Path="src/MsixCore.Studio.Core/MsixCore.Studio.Core.csproj" />
    <Project Path="src/MsixCore.Studio/MsixCore.Studio.csproj" />
    <Project Path="src/msixkit/msixkit.csproj" />
  </Folder>
  <Folder Name="/bench/">
    <Project Path="bench/MsixCore.Benchmarks/MsixCore.Benchmarks.csproj" />
  </Folder>
  <Folder Name="/tools/">
    <Project Path="tools/MsixCore.CorpusRoundtrip/MsixCore.CorpusRoundtrip.csproj" />
    <Project Path="tools/MsixCore.OSAcceptance/MsixCore.OSAcceptance.csproj" />
  </Folder>
  <Folder Name="/tests/">
    <Project Path="tests/MsixCore.PackageStore.Tests/MsixCore.PackageStore.Tests.csproj" />
    <Project Path="tests/MsixCore.Corpus.Tests/MsixCore.Corpus.Tests.csproj" />
    <Project Path="tests/MsixCore.CorpusRoundtrip.Tests/MsixCore.CorpusRoundtrip.Tests.csproj" />
    <Project Path="tests/MsixCore.Packaging.Tests/MsixCore.Packaging.Tests.csproj" />
    <Project Path="tests/MsixCore.Studio.Tests/MsixCore.Studio.Tests.csproj" />
    <Project Path="tests/msixkit.Tests/msixkit.Tests.csproj" />
  </Folder>
</Solution>
