<Solution>
  <Folder Name="/src/">
    <Project Path="src/MsixCore.Deployment/MsixCore.Deployment.csproj" />
    <Project Path="src/MsixCore.Packaging/MsixCore.Packaging.csproj" />
    <Project Path="src/MsixCore.Studio/MsixCore.Studio.csproj" />
    <Project Path="src/msixmgr/msixmgr.csproj" />
  </Folder>
  <Folder Name="/tests/">
    <Project Path="tests/MsixCore.Deployment.Tests/MsixCore.Deployment.Tests.csproj" />
    <Project Path="tests/MsixCore.Packaging.Tests/MsixCore.Packaging.Tests.csproj" />
    <Project Path="tests/msixmgr.Tests/msixmgr.Tests.csproj" />
  </Folder>
</Solution>
